
Microsoft Visual Studio Solution File, Format Version 12.00
# Visual Studio 15
VisualStudioVersion = 15.0.28307.106
MinimumVisualStudioVersion = 10.0.40219.1
Project("{2150E333-8FDC-42A3-9474-1A3956D46DE8}") = "Core", "Core", "{68F0FBBA-ED1C-46F6-968E-3ADCD9D01D94}"
EndProject
Project("{2150E333-8FDC-42A3-9474-1A3956D46DE8}") = "Infrastructure", "Infrastructure", "{AB0E381F-B65B-4394-B4F3-FD6C72F4E4BA}"
EndProject
Project("{2150E333-8FDC-42A3-9474-1A3956D46DE8}") = "UI", "UI", "{F8E56653-2F3E-499D-A11A-C8F2FC87734B}"
EndProject
Project("{9A19103F-16F7-4668-BE54-9A1E7A4F7556}") = "CrownCleanApp.Core", "CrownCleanApp.Core\CrownCleanApp.Core.csproj", "{D5F13A38-2D9A-4841-A22B-AB15A894AC9C}"
EndProject
Project("{9A19103F-16F7-4668-BE54-9A1E7A4F7556}") = "CrownCleanApp.Core.Entity", "CrownCleanApp.Core.Entity\CrownCleanApp.Core.Entity.csproj", "{5B0827AC-93AF-4E9B-988D-8488A7D79290}"
EndProject
Project("{9A19103F-16F7-4668-BE54-9A1E7A4F7556}") = "CrownCleanApp.Infrastructure.Data", "CrownCleanApp.Infrastructure.Data\CrownCleanApp.Infrastructure.Data.csproj", "{287E49E2-F3D9-40EE-8797-7294F8E99F50}"
EndProject
Project("{9A19103F-16F7-4668-BE54-9A1E7A4F7556}") = "CrownCleanApp.RestAPI", "CrownCleanApp.RestAPI\CrownCleanApp.RestAPI.csproj", "{8CDBB01A-7731-410F-BCB2-592674BE60A4}"
EndProject
Project("{FAE04EC0-301F-11D3-BF4B-00C04F79EFBC}") = "UnitTests", "UnitTests\UnitTests.csproj", "{E039E343-6AE2-449D-8015-79B0B9F5F45E}"
EndProject
Global
	GlobalSection(SolutionConfigurationPlatforms) = preSolution
		Debug|Any CPU = Debug|Any CPU
		Release|Any CPU = Release|Any CPU
	EndGlobalSection
	GlobalSection(ProjectConfigurationPlatforms) = postSolution
		{D5F13A38-2D9A-4841-A22B-AB15A894AC9C}.Debug|Any CPU.ActiveCfg = Debug|Any CPU
		{D5F13A38-2D9A-4841-A22B-AB15A894AC9C}.Debug|Any CPU.Build.0 = Debug|Any CPU
		{D5F13A38-2D9A-4841-A22B-AB15A894AC9C}.Release|Any CPU.ActiveCfg = Release|Any CPU
		{D5F13A38-2D9A-4841-A22B-AB15A894AC9C}.Release|Any CPU.Build.0 = Release|Any CPU
		{5B0827AC-93AF-4E9B-988D-8488A7D79290}.Debug|Any CPU.ActiveCfg = Debug|Any CPU
		{5B0827AC-93AF-4E9B-988D-8488A7D79290}.Debug|Any CPU.Build.0 = Debug|Any CPU
		{5B0827AC-93AF-4E9B-988D-8488A7D79290}.Release|Any CPU.ActiveCfg = Release|Any CPU
		{5B0827AC-93AF-4E9B-988D-8488A7D79290}.Release|Any CPU.Build.0 = Release|Any CPU
		{287E49E2-F3D9-40EE-8797-7294F8E99F50}.Debug|Any CPU.ActiveCfg = Debug|Any CPU
		{287E49E2-F3D9-40EE-8797-7294F8E99F50}.Debug|Any CPU.Build.0 = Debug|Any CPU
		{287E49E2-F3D9-40EE-8797-7294F8E99F50}.Release|Any CPU.ActiveCfg = Release|Any CPU
		{287E49E2-F3D9-40EE-8797-7294F8E99F50}.Release|Any CPU.Build.0 = Release|Any CPU
		{8CDBB01A-7731-410F-BCB2-592674BE60A4}.Debug|Any CPU.ActiveCfg = Debug|Any CPU
		{8CDBB01A-7731-410F-BCB2-592674BE60A4}.Debug|Any CPU.Build.0 = Debug|Any CPU
		{8CDBB01A-7731-410F-BCB2-592674BE60A4}.Release|Any CPU.ActiveCfg = Release|Any CPU
		{8CDBB01A-7731-410F-BCB2-592674BE60A4}.Release|Any CPU.Build.0 = Release|Any CPU
		{E039E343-6AE2-449D-8015-79B0B9F5F45E}.Debug|Any CPU.ActiveCfg = Debug|Any CPU
		{E039E343-6AE2-449D-8015-79B0B9F5F45E}.Debug|Any CPU.Build.0 = Debug|Any CPU
		{E039E343-6AE2-449D-8015-79B0B9F5F45E}.Release|Any CPU.ActiveCfg = Release|Any CPU
		{E039E343-6AE2-449D-8015-79B0B9F5F45E}.Release|Any CPU.Build.0 = Release|Any CPU
	EndGlobalSection
	GlobalSection(SolutionProperties) = preSolution
		HideSolutionNode = FALSE
	EndGlobalSection
	GlobalSection(NestedProjects) = preSolution
		{D5F13A38-2D9A-4841-A22B-AB15A894AC9C} = {68F0FBBA-ED1C-46F6-968E-3ADCD9D01D94}
		{5B0827AC-93AF-4E9B-988D-8488A7D79290} = {68F0FBBA-ED1C-46F6-968E-3ADCD9D01D94}
		{287E49E2-F3D9-40EE-8797-7294F8E99F50} = {AB0E381F-B65B-4394-B4F3-FD6C72F4E4BA}
		{8CDBB01A-7731-410F-BCB2-592674BE60A4} = {F8E56653-2F3E-499D-A11A-C8F2FC87734B}
	EndGlobalSection
	GlobalSection(ExtensibilityGlobals) = postSolution
		SolutionGuid = {2A18FD07-6431-44E1-B5DC-FCF57DCD887A}
	EndGlobalSection
EndGlobal
